
Microsoft Visual Studio Solution File, Format Version 12.00
# Visual Studio Version 16
VisualStudioVersion = 16.0.29409.12
MinimumVisualStudioVersion = 10.0.40219.1
Project("{9A19103F-16F7-4668-BE54-9A1E7A4F7556}") = "TrackerLibrary", "TrackerLibrary\TrackerLibrary.csproj", "{20232F91-53A2-44DE-AF36-75A3E2980EFC}"
EndProject
Project("{FAE04EC0-301F-11D3-BF4B-00C04F79EFBC}") = "TrackerUI_2", "TrackerUI_2\TrackerUI_2.csproj", "{36BF90DC-EB20-45D8-A1A9-DE8197ACC477}"
EndProject
Global
	GlobalSection(SolutionConfigurationPlatforms) = preSolution
		Debug|Any CPU = Debug|Any CPU
		Release|Any CPU = Release|Any CPU
	EndGlobalSection
	GlobalSection(ProjectConfigurationPlatforms) = postSolution
		{20232F91-53A2-44DE-AF36-75A3E2980EFC}.Debug|Any CPU.ActiveCfg = Debug|Any CPU
		{20232F91-53A2-44DE-AF36-75A3E2980EFC}.Debug|Any CPU.Build.0 = Debug|Any CPU
		{20232F91-53A2-44DE-AF36-75A3E2980EFC}.Release|Any CPU.ActiveCfg = Release|Any CPU
		{20232F91-53A2-44DE-AF36-75A3E2980EFC}.Release|Any CPU.Build.0 = Release|Any CPU
		{36BF90DC-EB20-45D8-A1A9-DE8197ACC477}.Debug|Any CPU.ActiveCfg = Debug|Any CPU
		{36BF90DC-EB20-45D8-A1A9-DE8197ACC477}.Debug|Any CPU.Build.0 = Debug|Any CPU
		{36BF90DC-EB20-45D8-A1A9-DE8197ACC477}.Release|Any CPU.ActiveCfg = Release|Any CPU
		{36BF90DC-EB20-45D8-A1A9-DE8197ACC477}.Release|Any CPU.Build.0 = Release|Any CPU
	EndGlobalSection
	GlobalSection(SolutionProperties) = preSolution
		HideSolutionNode = FALSE
	EndGlobalSection
	GlobalSection(ExtensibilityGlobals) = postSolution
		SolutionGuid = {4639274A-63C0-43F9-B33E-F36A35E3A28C}
	EndGlobalSection
EndGlobal
